
Microsoft Visual Studio Solution File, Format Version 12.00
# Visual Studio Version 17
VisualStudioVersion = 17.1.32328.378
MinimumVisualStudioVersion = 10.0.40219.1
Project("{9A19103F-16F7-4668-BE54-9A1E7A4F7556}") = "Simple Server Bot", "Simple Server Bot.csproj", "{9DC4C8E0-FE3B-41DE-8DE6-C50BEEFE733E}"
EndProject
Global
	GlobalSection(SolutionConfigurationPlatforms) = preSolution
		Debug|Any CPU = Debug|Any CPU
		Release|Any CPU = Release|Any CPU
		Wndows|Any CPU = Wndows|Any CPU
	EndGlobalSection
	GlobalSection(ProjectConfigurationPlatforms) = postSolution
		{9DC4C8E0-FE3B-41DE-8DE6-C50BEEFE733E}.Debug|Any CPU.ActiveCfg = Debug|Any CPU
		{9DC4C8E0-FE3B-41DE-8DE6-C50BEEFE733E}.Debug|Any CPU.Build.0 = Debug|Any CPU
		{9DC4C8E0-FE3B-41DE-8DE6-C50BEEFE733E}.Release|Any CPU.ActiveCfg = Release|Any CPU
		{9DC4C8E0-FE3B-41DE-8DE6-C50BEEFE733E}.Release|Any CPU.Build.0 = Release|Any CPU
		{9DC4C8E0-FE3B-41DE-8DE6-C50BEEFE733E}.Wndows|Any CPU.ActiveCfg = Wndows|Any CPU
		{9DC4C8E0-FE3B-41DE-8DE6-C50BEEFE733E}.Wndows|Any CPU.Build.0 = Wndows|Any CPU
	EndGlobalSection
	GlobalSection(SolutionProperties) = preSolution
		HideSolutionNode = FALSE
	EndGlobalSection
	GlobalSection(ExtensibilityGlobals) = postSolution
		SolutionGuid = {F7F5768E-F893-4ECA-8DB4-825B1C5272C5}
	EndGlobalSection
EndGlobal
